// !$*UTF8*$!
{
	archiveVersion = 1;
	classes = {
	};
	objectVersion = 51;
	objects = {

/* Begin PBXBuildFile section */
		2B5F84BCA38ECD015A604460 /* Pods_AzureOverallTests.framework in Frameworks */ = {isa = PBXBuildFile; fileRef = A3BFCE59E2D9CF76259C709B /* Pods_AzureOverallTests.framework */; };
		3CA68C2C09E1710455A45A26 /* Pods_AzureOverall_AzureOverallUITests.framework in Frameworks */ = {isa = PBXBuildFile; fileRef = 6AC8875AE7DDA0B558D42EFE /* Pods_AzureOverall_AzureOverallUITests.framework */; };
		A21C94344AF04E31321DD48E /* Pods_AzureOverall.framework in Frameworks */ = {isa = PBXBuildFile; fileRef = 20A7DD02CEE8A71C29C7B9ED /* Pods_AzureOverall.framework */; };
		CB1036DC2432E2F60027732C /* NetworkManager.swift in Sources */ = {isa = PBXBuildFile; fileRef = CB1036DB2432E2F60027732C /* NetworkManager.swift */; };
		CB1036DE2432E32C0027732C /* AppError.swift in Sources */ = {isa = PBXBuildFile; fileRef = CB1036DD2432E32C0027732C /* AppError.swift */; };
		CB1036E02432E3450027732C /* APIClient.swift in Sources */ = {isa = PBXBuildFile; fileRef = CB1036DF2432E3450027732C /* APIClient.swift */; };
		CB506391242EE27800BBD37D /* CellIdentifiers.swift in Sources */ = {isa = PBXBuildFile; fileRef = CB506390242EE27800BBD37D /* CellIdentifiers.swift */; };
		CB506394242EE2BC00BBD37D /* RecipeCellCollectionViewCell.swift in Sources */ = {isa = PBXBuildFile; fileRef = CB506393242EE2BC00BBD37D /* RecipeCellCollectionViewCell.swift */; };
		CB5F28D7242EB50E00AC44E1 /* AzureConstants.swift in Sources */ = {isa = PBXBuildFile; fileRef = CB5F28D6242EB50E00AC44E1 /* AzureConstants.swift */; };
		CB5F28DA242EB5E600AC44E1 /* RecipeModel.swift in Sources */ = {isa = PBXBuildFile; fileRef = CB5F28D9242EB5E600AC44E1 /* RecipeModel.swift */; };
		CB5F28DD242EB6B900AC44E1 /* BrowseViewController.swift in Sources */ = {isa = PBXBuildFile; fileRef = CB5F28DC242EB6B900AC44E1 /* BrowseViewController.swift */; };
		CB5F28DF242EB6E700AC44E1 /* CartScreenViewController.swift in Sources */ = {isa = PBXBuildFile; fileRef = CB5F28DE242EB6E700AC44E1 /* CartScreenViewController.swift */; };
		CB5F28E1242EB6FC00AC44E1 /* DetailViewController.swift in Sources */ = {isa = PBXBuildFile; fileRef = CB5F28E0242EB6FC00AC44E1 /* DetailViewController.swift */; };
		CB5F28E3242EB72B00AC44E1 /* BrowseView.swift in Sources */ = {isa = PBXBuildFile; fileRef = CB5F28E2242EB72B00AC44E1 /* BrowseView.swift */; };
		CB5F28E5242EB74800AC44E1 /* CartScreenView.swift in Sources */ = {isa = PBXBuildFile; fileRef = CB5F28E4242EB74800AC44E1 /* CartScreenView.swift */; };
		CB5F28E7242EB7A200AC44E1 /* DetailView.swift in Sources */ = {isa = PBXBuildFile; fileRef = CB5F28E6242EB7A200AC44E1 /* DetailView.swift */; };
		CB5F28EA242EC39F00AC44E1 /* Secrets.swift in Sources */ = {isa = PBXBuildFile; fileRef = CB5F28E9242EC39F00AC44E1 /* Secrets.swift */; };
		CB6DC571242EADCB004ED206 /* AppDelegate.swift in Sources */ = {isa = PBXBuildFile; fileRef = CB6DC570242EADCB004ED206 /* AppDelegate.swift */; };
		CB6DC573242EADCB004ED206 /* SceneDelegate.swift in Sources */ = {isa = PBXBuildFile; fileRef = CB6DC572242EADCB004ED206 /* SceneDelegate.swift */; };
		CB6DC575242EADCB004ED206 /* ViewController.swift in Sources */ = {isa = PBXBuildFile; fileRef = CB6DC574242EADCB004ED206 /* ViewController.swift */; };
		CB6DC57B242EADCB004ED206 /* AzureOverall.xcdatamodeld in Sources */ = {isa = PBXBuildFile; fileRef = CB6DC579242EADCB004ED206 /* AzureOverall.xcdatamodeld */; };
		CB6DC57D242EADCE004ED206 /* Assets.xcassets in Resources */ = {isa = PBXBuildFile; fileRef = CB6DC57C242EADCE004ED206 /* Assets.xcassets */; };
		CB6DC580242EADCE004ED206 /* LaunchScreen.storyboard in Resources */ = {isa = PBXBuildFile; fileRef = CB6DC57E242EADCE004ED206 /* LaunchScreen.storyboard */; };
		CB6DC58B242EADCE004ED206 /* AzureOverallTests.swift in Sources */ = {isa = PBXBuildFile; fileRef = CB6DC58A242EADCE004ED206 /* AzureOverallTests.swift */; };
		CB6DC596242EADCE004ED206 /* AzureOverallUITests.swift in Sources */ = {isa = PBXBuildFile; fileRef = CB6DC595242EADCE004ED206 /* AzureOverallUITests.swift */; };
		CB878D192431452300472AB5 /* TabBar.swift in Sources */ = {isa = PBXBuildFile; fileRef = CB878D182431452300472AB5 /* TabBar.swift */; };
		CB878D1B243149D000472AB5 /* UIUtilities.swift in Sources */ = {isa = PBXBuildFile; fileRef = CB878D1A243149D000472AB5 /* UIUtilities.swift */; };
		CB878D1D24314E2B00472AB5 /* CartModel.swift in Sources */ = {isa = PBXBuildFile; fileRef = CB878D1C24314E2B00472AB5 /* CartModel.swift */; };
		CBD10A5F24327390009A9E82 /* PersistenceHelper.swift in Sources */ = {isa = PBXBuildFile; fileRef = CBD10A5E24327390009A9E82 /* PersistenceHelper.swift */; };
		CBD10A61243273CA009A9E82 /* CartPersistence.swift in Sources */ = {isa = PBXBuildFile; fileRef = CBD10A60243273CA009A9E82 /* CartPersistence.swift */; };
		CBD10A632432768F009A9E82 /* CartItemCell.swift in Sources */ = {isa = PBXBuildFile; fileRef = CBD10A622432768F009A9E82 /* CartItemCell.swift */; };
		CBE93DDB242F8CD500D9158E /* AddToCart.swift in Sources */ = {isa = PBXBuildFile; fileRef = CBE93DDA242F8CD500D9158E /* AddToCart.swift */; };
/* End PBXBuildFile section */

/* Begin PBXContainerItemProxy section */
		CB6DC587242EADCE004ED206 /* PBXContainerItemProxy */ = {
			isa = PBXContainerItemProxy;
			containerPortal = CB6DC565242EADCB004ED206 /* Project object */;
			proxyType = 1;
			remoteGlobalIDString = CB6DC56C242EADCB004ED206;
			remoteInfo = AzureOverall;
		};
		CB6DC592242EADCE004ED206 /* PBXContainerItemProxy */ = {
			isa = PBXContainerItemProxy;
			containerPortal = CB6DC565242EADCB004ED206 /* Project object */;
			proxyType = 1;
			remoteGlobalIDString = CB6DC56C242EADCB004ED206;
			remoteInfo = AzureOverall;
		};
/* End PBXContainerItemProxy section */

/* Begin PBXFileReference section */
		01DC0C55689F60F6428B5770 /* Pods-AzureOverall.release.xcconfig */ = {isa = PBXFileReference; includeInIndex = 1; lastKnownFileType = text.xcconfig; name = "Pods-AzureOverall.release.xcconfig"; path = "Target Support Files/Pods-AzureOverall/Pods-AzureOverall.release.xcconfig"; sourceTree = "<group>"; };
		1EEB37D3BF0E4E2672C78965 /* Pods-AzureOverall-AzureOverallUITests.release.xcconfig */ = {isa = PBXFileReference; includeInIndex = 1; lastKnownFileType = text.xcconfig; name = "Pods-AzureOverall-AzureOverallUITests.release.xcconfig"; path = "Target Support Files/Pods-AzureOverall-AzureOverallUITests/Pods-AzureOverall-AzureOverallUITests.release.xcconfig"; sourceTree = "<group>"; };
		20A7DD02CEE8A71C29C7B9ED /* Pods_AzureOverall.framework */ = {isa = PBXFileReference; explicitFileType = wrapper.framework; includeInIndex = 0; path = Pods_AzureOverall.framework; sourceTree = BUILT_PRODUCTS_DIR; };
		3D6E9ED3945A7DCD08D3C723 /* Pods-AzureOverallTests.release.xcconfig */ = {isa = PBXFileReference; includeInIndex = 1; lastKnownFileType = text.xcconfig; name = "Pods-AzureOverallTests.release.xcconfig"; path = "Target Support Files/Pods-AzureOverallTests/Pods-AzureOverallTests.release.xcconfig"; sourceTree = "<group>"; };
		614BF1CCB3994B5A4A7999F5 /* Pods-AzureOverall.debug.xcconfig */ = {isa = PBXFileReference; includeInIndex = 1; lastKnownFileType = text.xcconfig; name = "Pods-AzureOverall.debug.xcconfig"; path = "Target Support Files/Pods-AzureOverall/Pods-AzureOverall.debug.xcconfig"; sourceTree = "<group>"; };
		6AC8875AE7DDA0B558D42EFE /* Pods_AzureOverall_AzureOverallUITests.framework */ = {isa = PBXFileReference; explicitFileType = wrapper.framework; includeInIndex = 0; path = Pods_AzureOverall_AzureOverallUITests.framework; sourceTree = BUILT_PRODUCTS_DIR; };
		A3BFCE59E2D9CF76259C709B /* Pods_AzureOverallTests.framework */ = {isa = PBXFileReference; explicitFileType = wrapper.framework; includeInIndex = 0; path = Pods_AzureOverallTests.framework; sourceTree = BUILT_PRODUCTS_DIR; };
		A715B3745516011F9AAAFE71 /* Pods-AzureOverallTests.debug.xcconfig */ = {isa = PBXFileReference; includeInIndex = 1; lastKnownFileType = text.xcconfig; name = "Pods-AzureOverallTests.debug.xcconfig"; path = "Target Support Files/Pods-AzureOverallTests/Pods-AzureOverallTests.debug.xcconfig"; sourceTree = "<group>"; };
		CB1036DB2432E2F60027732C /* NetworkManager.swift */ = {isa = PBXFileReference; lastKnownFileType = sourcecode.swift; path = NetworkManager.swift; sourceTree = "<group>"; };
		CB1036DD2432E32C0027732C /* AppError.swift */ = {isa = PBXFileReference; lastKnownFileType = sourcecode.swift; path = AppError.swift; sourceTree = "<group>"; };
		CB1036DF2432E3450027732C /* APIClient.swift */ = {isa = PBXFileReference; lastKnownFileType = sourcecode.swift; path = APIClient.swift; sourceTree = "<group>"; };
		CB506390242EE27800BBD37D /* CellIdentifiers.swift */ = {isa = PBXFileReference; lastKnownFileType = sourcecode.swift; path = CellIdentifiers.swift; sourceTree = "<group>"; };
		CB506393242EE2BC00BBD37D /* RecipeCellCollectionViewCell.swift */ = {isa = PBXFileReference; lastKnownFileType = sourcecode.swift; path = RecipeCellCollectionViewCell.swift; sourceTree = "<group>"; };
		CB5F28D6242EB50E00AC44E1 /* AzureConstants.swift */ = {isa = PBXFileReference; lastKnownFileType = sourcecode.swift; path = AzureConstants.swift; sourceTree = "<group>"; };
		CB5F28D9242EB5E600AC44E1 /* RecipeModel.swift */ = {isa = PBXFileReference; lastKnownFileType = sourcecode.swift; path = RecipeModel.swift; sourceTree = "<group>"; };
		CB5F28DC242EB6B900AC44E1 /* BrowseViewController.swift */ = {isa = PBXFileReference; lastKnownFileType = sourcecode.swift; path = BrowseViewController.swift; sourceTree = "<group>"; };
		CB5F28DE242EB6E700AC44E1 /* CartScreenViewController.swift */ = {isa = PBXFileReference; lastKnownFileType = sourcecode.swift; path = CartScreenViewController.swift; sourceTree = "<group>"; };
		CB5F28E0242EB6FC00AC44E1 /* DetailViewController.swift */ = {isa = PBXFileReference; lastKnownFileType = sourcecode.swift; path = DetailViewController.swift; sourceTree = "<group>"; };
		CB5F28E2242EB72B00AC44E1 /* BrowseView.swift */ = {isa = PBXFileReference; lastKnownFileType = sourcecode.swift; path = BrowseView.swift; sourceTree = "<group>"; };
		CB5F28E4242EB74800AC44E1 /* CartScreenView.swift */ = {isa = PBXFileReference; lastKnownFileType = sourcecode.swift; path = CartScreenView.swift; sourceTree = "<group>"; };
		CB5F28E6242EB7A200AC44E1 /* DetailView.swift */ = {isa = PBXFileReference; lastKnownFileType = sourcecode.swift; path = DetailView.swift; sourceTree = "<group>"; };
		CB5F28E9242EC39F00AC44E1 /* Secrets.swift */ = {isa = PBXFileReference; lastKnownFileType = sourcecode.swift; path = Secrets.swift; sourceTree = "<group>"; };
		CB6DC56D242EADCB004ED206 /* AzureOverall.app */ = {isa = PBXFileReference; explicitFileType = wrapper.application; includeInIndex = 0; path = AzureOverall.app; sourceTree = BUILT_PRODUCTS_DIR; };
		CB6DC570242EADCB004ED206 /* AppDelegate.swift */ = {isa = PBXFileReference; lastKnownFileType = sourcecode.swift; path = AppDelegate.swift; sourceTree = "<group>"; };
		CB6DC572242EADCB004ED206 /* SceneDelegate.swift */ = {isa = PBXFileReference; lastKnownFileType = sourcecode.swift; path = SceneDelegate.swift; sourceTree = "<group>"; };
		CB6DC574242EADCB004ED206 /* ViewController.swift */ = {isa = PBXFileReference; lastKnownFileType = sourcecode.swift; path = ViewController.swift; sourceTree = "<group>"; };
		CB6DC57A242EADCB004ED206 /* AzureOverall.xcdatamodel */ = {isa = PBXFileReference; lastKnownFileType = wrapper.xcdatamodel; path = AzureOverall.xcdatamodel; sourceTree = "<group>"; };
		CB6DC57C242EADCE004ED206 /* Assets.xcassets */ = {isa = PBXFileReference; lastKnownFileType = folder.assetcatalog; path = Assets.xcassets; sourceTree = "<group>"; };
		CB6DC57F242EADCE004ED206 /* Base */ = {isa = PBXFileReference; lastKnownFileType = file.storyboard; name = Base; path = Base.lproj/LaunchScreen.storyboard; sourceTree = "<group>"; };
		CB6DC581242EADCE004ED206 /* Info.plist */ = {isa = PBXFileReference; lastKnownFileType = text.plist.xml; path = Info.plist; sourceTree = "<group>"; };
		CB6DC586242EADCE004ED206 /* AzureOverallTests.xctest */ = {isa = PBXFileReference; explicitFileType = wrapper.cfbundle; includeInIndex = 0; path = AzureOverallTests.xctest; sourceTree = BUILT_PRODUCTS_DIR; };
		CB6DC58A242EADCE004ED206 /* AzureOverallTests.swift */ = {isa = PBXFileReference; lastKnownFileType = sourcecode.swift; path = AzureOverallTests.swift; sourceTree = "<group>"; };
		CB6DC58C242EADCE004ED206 /* Info.plist */ = {isa = PBXFileReference; lastKnownFileType = text.plist.xml; path = Info.plist; sourceTree = "<group>"; };
		CB6DC591242EADCE004ED206 /* AzureOverallUITests.xctest */ = {isa = PBXFileReference; explicitFileType = wrapper.cfbundle; includeInIndex = 0; path = AzureOverallUITests.xctest; sourceTree = BUILT_PRODUCTS_DIR; };
		CB6DC595242EADCE004ED206 /* AzureOverallUITests.swift */ = {isa = PBXFileReference; lastKnownFileType = sourcecode.swift; path = AzureOverallUITests.swift; sourceTree = "<group>"; };
		CB6DC597242EADCE004ED206 /* Info.plist */ = {isa = PBXFileReference; lastKnownFileType = text.plist.xml; path = Info.plist; sourceTree = "<group>"; };
		CB878D182431452300472AB5 /* TabBar.swift */ = {isa = PBXFileReference; lastKnownFileType = sourcecode.swift; path = TabBar.swift; sourceTree = "<group>"; };
		CB878D1A243149D000472AB5 /* UIUtilities.swift */ = {isa = PBXFileReference; lastKnownFileType = sourcecode.swift; path = UIUtilities.swift; sourceTree = "<group>"; };
		CB878D1C24314E2B00472AB5 /* CartModel.swift */ = {isa = PBXFileReference; lastKnownFileType = sourcecode.swift; path = CartModel.swift; sourceTree = "<group>"; };
		CBD10A5E24327390009A9E82 /* PersistenceHelper.swift */ = {isa = PBXFileReference; lastKnownFileType = sourcecode.swift; path = PersistenceHelper.swift; sourceTree = "<group>"; };
		CBD10A60243273CA009A9E82 /* CartPersistence.swift */ = {isa = PBXFileReference; lastKnownFileType = sourcecode.swift; path = CartPersistence.swift; sourceTree = "<group>"; };
		CBD10A622432768F009A9E82 /* CartItemCell.swift */ = {isa = PBXFileReference; lastKnownFileType = sourcecode.swift; path = CartItemCell.swift; sourceTree = "<group>"; };
		CBE93DDA242F8CD500D9158E /* AddToCart.swift */ = {isa = PBXFileReference; lastKnownFileType = sourcecode.swift; path = AddToCart.swift; sourceTree = "<group>"; };
		E3B1DEFCA2A4464235B55EDF /* Pods-AzureOverall-AzureOverallUITests.debug.xcconfig */ = {isa = PBXFileReference; includeInIndex = 1; lastKnownFileType = text.xcconfig; name = "Pods-AzureOverall-AzureOverallUITests.debug.xcconfig"; path = "Target Support Files/Pods-AzureOverall-AzureOverallUITests/Pods-AzureOverall-AzureOverallUITests.debug.xcconfig"; sourceTree = "<group>"; };
/* End PBXFileReference section */

/* Begin PBXFrameworksBuildPhase section */
		CB6DC56A242EADCB004ED206 /* Frameworks */ = {
			isa = PBXFrameworksBuildPhase;
			buildActionMask = 2147483647;
			files = (
				A21C94344AF04E31321DD48E /* Pods_AzureOverall.framework in Frameworks */,
			);
			runOnlyForDeploymentPostprocessing = 0;
		};
		CB6DC583242EADCE004ED206 /* Frameworks */ = {
			isa = PBXFrameworksBuildPhase;
			buildActionMask = 2147483647;
			files = (
				2B5F84BCA38ECD015A604460 /* Pods_AzureOverallTests.framework in Frameworks */,
			);
			runOnlyForDeploymentPostprocessing = 0;
		};
		CB6DC58E242EADCE004ED206 /* Frameworks */ = {
			isa = PBXFrameworksBuildPhase;
			buildActionMask = 2147483647;
			files = (
				3CA68C2C09E1710455A45A26 /* Pods_AzureOverall_AzureOverallUITests.framework in Frameworks */,
			);
			runOnlyForDeploymentPostprocessing = 0;
		};
/* End PBXFrameworksBuildPhase section */

/* Begin PBXGroup section */
		3F7FC9054D592B551C4A8133 /* Frameworks */ = {
			isa = PBXGroup;
			children = (
				20A7DD02CEE8A71C29C7B9ED /* Pods_AzureOverall.framework */,
				6AC8875AE7DDA0B558D42EFE /* Pods_AzureOverall_AzureOverallUITests.framework */,
				A3BFCE59E2D9CF76259C709B /* Pods_AzureOverallTests.framework */,
			);
			name = Frameworks;
			sourceTree = "<group>";
		};
		CB1036DA2432E2BD0027732C /* NetworkHelpers */ = {
			isa = PBXGroup;
			children = (
				CB1036DB2432E2F60027732C /* NetworkManager.swift */,
				CB1036DD2432E32C0027732C /* AppError.swift */,
				CB1036DF2432E3450027732C /* APIClient.swift */,
			);
			path = NetworkHelpers;
			sourceTree = "<group>";
		};
		CB506392242EE29B00BBD37D /* Cells */ = {
			isa = PBXGroup;
			children = (
				CB506393242EE2BC00BBD37D /* RecipeCellCollectionViewCell.swift */,
				CBD10A622432768F009A9E82 /* CartItemCell.swift */,
			);
			path = Cells;
			sourceTree = "<group>";
		};
		CB5F28D5242EB4ED00AC44E1 /* Constants */ = {
			isa = PBXGroup;
			children = (
				CB5F28D6242EB50E00AC44E1 /* AzureConstants.swift */,
				CB506390242EE27800BBD37D /* CellIdentifiers.swift */,
			);
			path = Constants;
			sourceTree = "<group>";
		};
		CB5F28D8242EB58C00AC44E1 /* Model */ = {
			isa = PBXGroup;
			children = (
				CB5F28D9242EB5E600AC44E1 /* RecipeModel.swift */,
				CB878D1C24314E2B00472AB5 /* CartModel.swift */,
			);
			path = Model;
			sourceTree = "<group>";
		};
		CB5F28DB242EB67400AC44E1 /* ViewControllers */ = {
			isa = PBXGroup;
			children = (
				CB5F28DC242EB6B900AC44E1 /* BrowseViewController.swift */,
				CB5F28DE242EB6E700AC44E1 /* CartScreenViewController.swift */,
				CB5F28E0242EB6FC00AC44E1 /* DetailViewController.swift */,
				CB878D182431452300472AB5 /* TabBar.swift */,
			);
			path = ViewControllers;
			sourceTree = "<group>";
		};
		CB5F28E8242EC38300AC44E1 /* Secret */ = {
			isa = PBXGroup;
			children = (
				CB5F28E9242EC39F00AC44E1 /* Secrets.swift */,
			);
			path = Secret;
			sourceTree = "<group>";
		};
		CB6DC564242EADCB004ED206 = {
			isa = PBXGroup;
			children = (
				CB6DC56F242EADCB004ED206 /* AzureOverall */,
				CB6DC589242EADCE004ED206 /* AzureOverallTests */,
				CB6DC594242EADCE004ED206 /* AzureOverallUITests */,
				CB6DC56E242EADCB004ED206 /* Products */,
				F26CA60DA20E7FCC2AADE7D4 /* Pods */,
				3F7FC9054D592B551C4A8133 /* Frameworks */,
			);
			sourceTree = "<group>";
		};
		CB6DC56E242EADCB004ED206 /* Products */ = {
			isa = PBXGroup;
			children = (
				CB6DC56D242EADCB004ED206 /* AzureOverall.app */,
				CB6DC586242EADCE004ED206 /* AzureOverallTests.xctest */,
				CB6DC591242EADCE004ED206 /* AzureOverallUITests.xctest */,
			);
			name = Products;
			sourceTree = "<group>";
		};
		CB6DC56F242EADCB004ED206 /* AzureOverall */ = {
			isa = PBXGroup;
			children = (
				CB1036DA2432E2BD0027732C /* NetworkHelpers */,
				CBD10A5D2432737A009A9E82 /* Persistence */,
				CBE93DD9242F8CBD00D9158E /* CustomUI */,
				CB506392242EE29B00BBD37D /* Cells */,
				CB5F28E8242EC38300AC44E1 /* Secret */,
				CB5F28DB242EB67400AC44E1 /* ViewControllers */,
				CB5F28D8242EB58C00AC44E1 /* Model */,
				CB5F28D5242EB4ED00AC44E1 /* Constants */,
				CB6DC5A3242EADDC004ED206 /* Views */,
				CB6DC570242EADCB004ED206 /* AppDelegate.swift */,
				CB6DC572242EADCB004ED206 /* SceneDelegate.swift */,
				CB6DC574242EADCB004ED206 /* ViewController.swift */,
				CB6DC57C242EADCE004ED206 /* Assets.xcassets */,
				CB6DC57E242EADCE004ED206 /* LaunchScreen.storyboard */,
				CB6DC581242EADCE004ED206 /* Info.plist */,
				CB6DC579242EADCB004ED206 /* AzureOverall.xcdatamodeld */,
			);
			path = AzureOverall;
			sourceTree = "<group>";
		};
		CB6DC589242EADCE004ED206 /* AzureOverallTests */ = {
			isa = PBXGroup;
			children = (
				CB6DC58A242EADCE004ED206 /* AzureOverallTests.swift */,
				CB6DC58C242EADCE004ED206 /* Info.plist */,
			);
			path = AzureOverallTests;
			sourceTree = "<group>";
		};
		CB6DC594242EADCE004ED206 /* AzureOverallUITests */ = {
			isa = PBXGroup;
			children = (
				CB6DC595242EADCE004ED206 /* AzureOverallUITests.swift */,
				CB6DC597242EADCE004ED206 /* Info.plist */,
			);
			path = AzureOverallUITests;
			sourceTree = "<group>";
		};
		CB6DC5A3242EADDC004ED206 /* Views */ = {
			isa = PBXGroup;
			children = (
				CB5F28E2242EB72B00AC44E1 /* BrowseView.swift */,
				CB5F28E4242EB74800AC44E1 /* CartScreenView.swift */,
				CB5F28E6242EB7A200AC44E1 /* DetailView.swift */,
			);
			path = Views;
			sourceTree = "<group>";
		};
		CBD10A5D2432737A009A9E82 /* Persistence */ = {
			isa = PBXGroup;
			children = (
				CBD10A5E24327390009A9E82 /* PersistenceHelper.swift */,
				CBD10A60243273CA009A9E82 /* CartPersistence.swift */,
			);
			path = Persistence;
			sourceTree = "<group>";
		};
		CBE93DD9242F8CBD00D9158E /* CustomUI */ = {
			isa = PBXGroup;
			children = (
				CBE93DDA242F8CD500D9158E /* AddToCart.swift */,
				CB878D1A243149D000472AB5 /* UIUtilities.swift */,
			);
			path = CustomUI;
			sourceTree = "<group>";
		};
		F26CA60DA20E7FCC2AADE7D4 /* Pods */ = {
			isa = PBXGroup;
			children = (
				614BF1CCB3994B5A4A7999F5 /* Pods-AzureOverall.debug.xcconfig */,
				01DC0C55689F60F6428B5770 /* Pods-AzureOverall.release.xcconfig */,
				E3B1DEFCA2A4464235B55EDF /* Pods-AzureOverall-AzureOverallUITests.debug.xcconfig */,
				1EEB37D3BF0E4E2672C78965 /* Pods-AzureOverall-AzureOverallUITests.release.xcconfig */,
				A715B3745516011F9AAAFE71 /* Pods-AzureOverallTests.debug.xcconfig */,
				3D6E9ED3945A7DCD08D3C723 /* Pods-AzureOverallTests.release.xcconfig */,
			);
			path = Pods;
			sourceTree = "<group>";
		};
/* End PBXGroup section */

/* Begin PBXNativeTarget section */
		CB6DC56C242EADCB004ED206 /* AzureOverall */ = {
			isa = PBXNativeTarget;
			buildConfigurationList = CB6DC59A242EADCE004ED206 /* Build configuration list for PBXNativeTarget "AzureOverall" */;
			buildPhases = (
				6E6FEB2965FB232F3FBE21BE /* [CP] Check Pods Manifest.lock */,
				CB6DC569242EADCB004ED206 /* Sources */,
				CB6DC56A242EADCB004ED206 /* Frameworks */,
				CB6DC56B242EADCB004ED206 /* Resources */,
				35DF095D6CB66D249D6D2734 /* [CP] Embed Pods Frameworks */,
			);
			buildRules = (
			);
			dependencies = (
			);
			name = AzureOverall;
			productName = AzureOverall;
			productReference = CB6DC56D242EADCB004ED206 /* AzureOverall.app */;
			productType = "com.apple.product-type.application";
		};
		CB6DC585242EADCE004ED206 /* AzureOverallTests */ = {
			isa = PBXNativeTarget;
			buildConfigurationList = CB6DC59D242EADCE004ED206 /* Build configuration list for PBXNativeTarget "AzureOverallTests" */;
			buildPhases = (
				842C89C1474C7941E8DA8477 /* [CP] Check Pods Manifest.lock */,
				CB6DC582242EADCE004ED206 /* Sources */,
				CB6DC583242EADCE004ED206 /* Frameworks */,
				CB6DC584242EADCE004ED206 /* Resources */,
			);
			buildRules = (
			);
			dependencies = (
				CB6DC588242EADCE004ED206 /* PBXTargetDependency */,
			);
			name = AzureOverallTests;
			productName = AzureOverallTests;
			productReference = CB6DC586242EADCE004ED206 /* AzureOverallTests.xctest */;
			productType = "com.apple.product-type.bundle.unit-test";
		};
		CB6DC590242EADCE004ED206 /* AzureOverallUITests */ = {
			isa = PBXNativeTarget;
			buildConfigurationList = CB6DC5A0242EADCE004ED206 /* Build configuration list for PBXNativeTarget "AzureOverallUITests" */;
			buildPhases = (
				196A4B77ED304E94C5EA5327 /* [CP] Check Pods Manifest.lock */,
				CB6DC58D242EADCE004ED206 /* Sources */,
				CB6DC58E242EADCE004ED206 /* Frameworks */,
				CB6DC58F242EADCE004ED206 /* Resources */,
				A89ACAF0861404AF6FE3F19C /* [CP] Embed Pods Frameworks */,
			);
			buildRules = (
			);
			dependencies = (
				CB6DC593242EADCE004ED206 /* PBXTargetDependency */,
			);
			name = AzureOverallUITests;
			productName = AzureOverallUITests;
			productReference = CB6DC591242EADCE004ED206 /* AzureOverallUITests.xctest */;
			productType = "com.apple.product-type.bundle.ui-testing";
		};
/* End PBXNativeTarget section */

/* Begin PBXProject section */
		CB6DC565242EADCB004ED206 /* Project object */ = {
			isa = PBXProject;
			attributes = {
				LastSwiftUpdateCheck = 1130;
				LastUpgradeCheck = 1130;
				ORGANIZATIONNAME = "Adam Jackson";
				TargetAttributes = {
					CB6DC56C242EADCB004ED206 = {
						CreatedOnToolsVersion = 11.3.1;
					};
					CB6DC585242EADCE004ED206 = {
						CreatedOnToolsVersion = 11.3.1;
						TestTargetID = CB6DC56C242EADCB004ED206;
					};
					CB6DC590242EADCE004ED206 = {
						CreatedOnToolsVersion = 11.3.1;
						TestTargetID = CB6DC56C242EADCB004ED206;
					};
				};
			};
			buildConfigurationList = CB6DC568242EADCB004ED206 /* Build configuration list for PBXProject "AzureOverall" */;
			compatibilityVersion = "Xcode 9.3";
			developmentRegion = en;
			hasScannedForEncodings = 0;
			knownRegions = (
				en,
				Base,
			);
			mainGroup = CB6DC564242EADCB004ED206;
			productRefGroup = CB6DC56E242EADCB004ED206 /* Products */;
			projectDirPath = "";
			projectRoot = "";
			targets = (
				CB6DC56C242EADCB004ED206 /* AzureOverall */,
				CB6DC585242EADCE004ED206 /* AzureOverallTests */,
				CB6DC590242EADCE004ED206 /* AzureOverallUITests */,
			);
		};
/* End PBXProject section */

/* Begin PBXResourcesBuildPhase section */
		CB6DC56B242EADCB004ED206 /* Resources */ = {
			isa = PBXResourcesBuildPhase;
			buildActionMask = 2147483647;
			files = (
				CB6DC580242EADCE004ED206 /* LaunchScreen.storyboard in Resources */,
				CB6DC57D242EADCE004ED206 /* Assets.xcassets in Resources */,
			);
			runOnlyForDeploymentPostprocessing = 0;
		};
		CB6DC584242EADCE004ED206 /* Resources */ = {
			isa = PBXResourcesBuildPhase;
			buildActionMask = 2147483647;
			files = (
			);
			runOnlyForDeploymentPostprocessing = 0;
		};
		CB6DC58F242EADCE004ED206 /* Resources */ = {
			isa = PBXResourcesBuildPhase;
			buildActionMask = 2147483647;
			files = (
			);
			runOnlyForDeploymentPostprocessing = 0;
		};
/* End PBXResourcesBuildPhase section */

/* Begin PBXShellScriptBuildPhase section */
		196A4B77ED304E94C5EA5327 /* [CP] Check Pods Manifest.lock */ = {
			isa = PBXShellScriptBuildPhase;
			buildActionMask = 2147483647;
			files = (
			);
			inputFileListPaths = (
			);
			inputPaths = (
				"${PODS_PODFILE_DIR_PATH}/Podfile.lock",
				"${PODS_ROOT}/Manifest.lock",
			);
			name = "[CP] Check Pods Manifest.lock";
			outputFileListPaths = (
			);
			outputPaths = (
				"$(DERIVED_FILE_DIR)/Pods-AzureOverall-AzureOverallUITests-checkManifestLockResult.txt",
			);
			runOnlyForDeploymentPostprocessing = 0;
			shellPath = /bin/sh;
			shellScript = "diff \"${PODS_PODFILE_DIR_PATH}/Podfile.lock\" \"${PODS_ROOT}/Manifest.lock\" > /dev/null\nif [ $? != 0 ] ; then\n    # print error to STDERR\n    echo \"error: The sandbox is not in sync with the Podfile.lock. Run 'pod install' or update your CocoaPods installation.\" >&2\n    exit 1\nfi\n# This output is used by Xcode 'outputs' to avoid re-running this script phase.\necho \"SUCCESS\" > \"${SCRIPT_OUTPUT_FILE_0}\"\n";
			showEnvVarsInLog = 0;
		};
		35DF095D6CB66D249D6D2734 /* [CP] Embed Pods Frameworks */ = {
			isa = PBXShellScriptBuildPhase;
			buildActionMask = 2147483647;
			files = (
			);
			inputFileListPaths = (
				"${PODS_ROOT}/Target Support Files/Pods-AzureOverall/Pods-AzureOverall-frameworks-${CONFIGURATION}-input-files.xcfilelist",
			);
			name = "[CP] Embed Pods Frameworks";
			outputFileListPaths = (
				"${PODS_ROOT}/Target Support Files/Pods-AzureOverall/Pods-AzureOverall-frameworks-${CONFIGURATION}-output-files.xcfilelist",
			);
			runOnlyForDeploymentPostprocessing = 0;
			shellPath = /bin/sh;
			shellScript = "\"${PODS_ROOT}/Target Support Files/Pods-AzureOverall/Pods-AzureOverall-frameworks.sh\"\n";
			showEnvVarsInLog = 0;
		};
		6E6FEB2965FB232F3FBE21BE /* [CP] Check Pods Manifest.lock */ = {
			isa = PBXShellScriptBuildPhase;
			buildActionMask = 2147483647;
			files = (
			);
			inputFileListPaths = (
			);
			inputPaths = (
				"${PODS_PODFILE_DIR_PATH}/Podfile.lock",
				"${PODS_ROOT}/Manifest.lock",
			);
			name = "[CP] Check Pods Manifest.lock";
			outputFileListPaths = (
			);
			outputPaths = (
				"$(DERIVED_FILE_DIR)/Pods-AzureOverall-checkManifestLockResult.txt",
			);
			runOnlyForDeploymentPostprocessing = 0;
			shellPath = /bin/sh;
			shellScript = "diff \"${PODS_PODFILE_DIR_PATH}/Podfile.lock\" \"${PODS_ROOT}/Manifest.lock\" > /dev/null\nif [ $? != 0 ] ; then\n    # print error to STDERR\n    echo \"error: The sandbox is not in sync with the Podfile.lock. Run 'pod install' or update your CocoaPods installation.\" >&2\n    exit 1\nfi\n# This output is used by Xcode 'outputs' to avoid re-running this script phase.\necho \"SUCCESS\" > \"${SCRIPT_OUTPUT_FILE_0}\"\n";
			showEnvVarsInLog = 0;
		};
		842C89C1474C7941E8DA8477 /* [CP] Check Pods Manifest.lock */ = {
			isa = PBXShellScriptBuildPhase;
			buildActionMask = 2147483647;
			files = (
			);
			inputFileListPaths = (
			);
			inputPaths = (
				"${PODS_PODFILE_DIR_PATH}/Podfile.lock",
				"${PODS_ROOT}/Manifest.lock",
			);
			name = "[CP] Check Pods Manifest.lock";
			outputFileListPaths = (
			);
			outputPaths = (
				"$(DERIVED_FILE_DIR)/Pods-AzureOverallTests-checkManifestLockResult.txt",
			);
			runOnlyForDeploymentPostprocessing = 0;
			shellPath = /bin/sh;
			shellScript = "diff \"${PODS_PODFILE_DIR_PATH}/Podfile.lock\" \"${PODS_ROOT}/Manifest.lock\" > /dev/null\nif [ $? != 0 ] ; then\n    # print error to STDERR\n    echo \"error: The sandbox is not in sync with the Podfile.lock. Run 'pod install' or update your CocoaPods installation.\" >&2\n    exit 1\nfi\n# This output is used by Xcode 'outputs' to avoid re-running this script phase.\necho \"SUCCESS\" > \"${SCRIPT_OUTPUT_FILE_0}\"\n";
			showEnvVarsInLog = 0;
		};
		A89ACAF0861404AF6FE3F19C /* [CP] Embed Pods Frameworks */ = {
			isa = PBXShellScriptBuildPhase;
			buildActionMask = 2147483647;
			files = (
			);
			inputFileListPaths = (
				"${PODS_ROOT}/Target Support Files/Pods-AzureOverall-AzureOverallUITests/Pods-AzureOverall-AzureOverallUITests-frameworks-${CONFIGURATION}-input-files.xcfilelist",
			);
			name = "[CP] Embed Pods Frameworks";
			outputFileListPaths = (
				"${PODS_ROOT}/Target Support Files/Pods-AzureOverall-AzureOverallUITests/Pods-AzureOverall-AzureOverallUITests-frameworks-${CONFIGURATION}-output-files.xcfilelist",
			);
			runOnlyForDeploymentPostprocessing = 0;
			shellPath = /bin/sh;
			shellScript = "\"${PODS_ROOT}/Target Support Files/Pods-AzureOverall-AzureOverallUITests/Pods-AzureOverall-AzureOverallUITests-frameworks.sh\"\n";
			showEnvVarsInLog = 0;
		};
/* End PBXShellScriptBuildPhase section */

/* Begin PBXSourcesBuildPhase section */
		CB6DC569242EADCB004ED206 /* Sources */ = {
			isa = PBXSourcesBuildPhase;
			buildActionMask = 2147483647;
			files = (
				CB1036DC2432E2F60027732C /* NetworkManager.swift in Sources */,
				CBD10A632432768F009A9E82 /* CartItemCell.swift in Sources */,
				CBE93DDB242F8CD500D9158E /* AddToCart.swift in Sources */,
				CB1036E02432E3450027732C /* APIClient.swift in Sources */,
				CB5F28E5242EB74800AC44E1 /* CartScreenView.swift in Sources */,
				CB506394242EE2BC00BBD37D /* RecipeCellCollectionViewCell.swift in Sources */,
				CBD10A5F24327390009A9E82 /* PersistenceHelper.swift in Sources */,
				CB5F28E7242EB7A200AC44E1 /* DetailView.swift in Sources */,
				CB5F28E1242EB6FC00AC44E1 /* DetailViewController.swift in Sources */,
				CB6DC575242EADCB004ED206 /* ViewController.swift in Sources */,
				CB5F28E3242EB72B00AC44E1 /* BrowseView.swift in Sources */,
				CB878D192431452300472AB5 /* TabBar.swift in Sources */,
				CB6DC57B242EADCB004ED206 /* AzureOverall.xcdatamodeld in Sources */,
				CB878D1D24314E2B00472AB5 /* CartModel.swift in Sources */,
				CB5F28DF242EB6E700AC44E1 /* CartScreenViewController.swift in Sources */,
				CB6DC571242EADCB004ED206 /* AppDelegate.swift in Sources */,
				CB5F28D7242EB50E00AC44E1 /* AzureConstants.swift in Sources */,
				CB6DC573242EADCB004ED206 /* SceneDelegate.swift in Sources */,
				CB5F28DA242EB5E600AC44E1 /* RecipeModel.swift in Sources */,
				CB5F28EA242EC39F00AC44E1 /* Secrets.swift in Sources */,
				CB506391242EE27800BBD37D /* CellIdentifiers.swift in Sources */,
				CB1036DE2432E32C0027732C /* AppError.swift in Sources */,
				CB878D1B243149D000472AB5 /* UIUtilities.swift in Sources */,
				CBD10A61243273CA009A9E82 /* CartPersistence.swift in Sources */,
				CB5F28DD242EB6B900AC44E1 /* BrowseViewController.swift in Sources */,
			);
			runOnlyForDeploymentPostprocessing = 0;
		};
		CB6DC582242EADCE004ED206 /* Sources */ = {
			isa = PBXSourcesBuildPhase;
			buildActionMask = 2147483647;
			files = (
				CB6DC58B242EADCE004ED206 /* AzureOverallTests.swift in Sources */,
			);
			runOnlyForDeploymentPostprocessing = 0;
		};
		CB6DC58D242EADCE004ED206 /* Sources */ = {
			isa = PBXSourcesBuildPhase;
			buildActionMask = 2147483647;
			files = (
				CB6DC596242EADCE004ED206 /* AzureOverallUITests.swift in Sources */,
			);
			runOnlyForDeploymentPostprocessing = 0;
		};
/* End PBXSourcesBuildPhase section */

/* Begin PBXTargetDependency section */
		CB6DC588242EADCE004ED206 /* PBXTargetDependency */ = {
			isa = PBXTargetDependency;
			target = CB6DC56C242EADCB004ED206 /* AzureOverall */;
			targetProxy = CB6DC587242EADCE004ED206 /* PBXContainerItemProxy */;
		};
		CB6DC593242EADCE004ED206 /* PBXTargetDependency */ = {
			isa = PBXTargetDependency;
			target = CB6DC56C242EADCB004ED206 /* AzureOverall */;
			targetProxy = CB6DC592242EADCE004ED206 /* PBXContainerItemProxy */;
		};
/* End PBXTargetDependency section */

/* Begin PBXVariantGroup section */
		CB6DC57E242EADCE004ED206 /* LaunchScreen.storyboard */ = {
			isa = PBXVariantGroup;
			children = (
				CB6DC57F242EADCE004ED206 /* Base */,
			);
			name = LaunchScreen.storyboard;
			sourceTree = "<group>";
		};
/* End PBXVariantGroup section */

/* Begin XCBuildConfiguration section */
		CB6DC598242EADCE004ED206 /* Debug */ = {
			isa = XCBuildConfiguration;
			buildSettings = {
				ALWAYS_SEARCH_USER_PATHS = NO;
				CLANG_ANALYZER_NONNULL = YES;
				CLANG_ANALYZER_NUMBER_OBJECT_CONVERSION = YES_AGGRESSIVE;
				CLANG_CXX_LANGUAGE_STANDARD = "gnu++14";
				CLANG_CXX_LIBRARY = "libc++";
				CLANG_ENABLE_MODULES = YES;
				CLANG_ENABLE_OBJC_ARC = YES;
				CLANG_ENABLE_OBJC_WEAK = YES;
				CLANG_WARN_BLOCK_CAPTURE_AUTORELEASING = YES;
				CLANG_WARN_BOOL_CONVERSION = YES;
				CLANG_WARN_COMMA = YES;
				CLANG_WARN_CONSTANT_CONVERSION = YES;
				CLANG_WARN_DEPRECATED_OBJC_IMPLEMENTATIONS = YES;
				CLANG_WARN_DIRECT_OBJC_ISA_USAGE = YES_ERROR;
				CLANG_WARN_DOCUMENTATION_COMMENTS = YES;
				CLANG_WARN_EMPTY_BODY = YES;
				CLANG_WARN_ENUM_CONVERSION = YES;
				CLANG_WARN_INFINITE_RECURSION = YES;
				CLANG_WARN_INT_CONVERSION = YES;
				CLANG_WARN_NON_LITERAL_NULL_CONVERSION = YES;
				CLANG_WARN_OBJC_IMPLICIT_RETAIN_SELF = YES;
				CLANG_WARN_OBJC_LITERAL_CONVERSION = YES;
				CLANG_WARN_OBJC_ROOT_CLASS = YES_ERROR;
				CLANG_WARN_RANGE_LOOP_ANALYSIS = YES;
				CLANG_WARN_STRICT_PROTOTYPES = YES;
				CLANG_WARN_SUSPICIOUS_MOVE = YES;
				CLANG_WARN_UNGUARDED_AVAILABILITY = YES_AGGRESSIVE;
				CLANG_WARN_UNREACHABLE_CODE = YES;
				CLANG_WARN__DUPLICATE_METHOD_MATCH = YES;
				COPY_PHASE_STRIP = NO;
				DEBUG_INFORMATION_FORMAT = dwarf;
				ENABLE_STRICT_OBJC_MSGSEND = YES;
				ENABLE_TESTABILITY = YES;
				GCC_C_LANGUAGE_STANDARD = gnu11;
				GCC_DYNAMIC_NO_PIC = NO;
				GCC_NO_COMMON_BLOCKS = YES;
				GCC_OPTIMIZATION_LEVEL = 0;
				GCC_PREPROCESSOR_DEFINITIONS = (
					"DEBUG=1",
					"$(inherited)",
				);
				GCC_WARN_64_TO_32_BIT_CONVERSION = YES;
				GCC_WARN_ABOUT_RETURN_TYPE = YES_ERROR;
				GCC_WARN_UNDECLARED_SELECTOR = YES;
				GCC_WARN_UNINITIALIZED_AUTOS = YES_AGGRESSIVE;
				GCC_WARN_UNUSED_FUNCTION = YES;
				GCC_WARN_UNUSED_VARIABLE = YES;
				IPHONEOS_DEPLOYMENT_TARGET = 13.2;
				MTL_ENABLE_DEBUG_INFO = INCLUDE_SOURCE;
				MTL_FAST_MATH = YES;
				ONLY_ACTIVE_ARCH = YES;
				SDKROOT = iphoneos;
				SWIFT_ACTIVE_COMPILATION_CONDITIONS = DEBUG;
				SWIFT_OPTIMIZATION_LEVEL = "-Onone";
			};
			name = Debug;
		};
		CB6DC599242EADCE004ED206 /* Release */ = {
			isa = XCBuildConfiguration;
			buildSettings = {
				ALWAYS_SEARCH_USER_PATHS = NO;
				CLANG_ANALYZER_NONNULL = YES;
				CLANG_ANALYZER_NUMBER_OBJECT_CONVERSION = YES_AGGRESSIVE;
				CLANG_CXX_LANGUAGE_STANDARD = "gnu++14";
				CLANG_CXX_LIBRARY = "libc++";
				CLANG_ENABLE_MODULES = YES;
				CLANG_ENABLE_OBJC_ARC = YES;
				CLANG_ENABLE_OBJC_WEAK = YES;
				CLANG_WARN_BLOCK_CAPTURE_AUTORELEASING = YES;
				CLANG_WARN_BOOL_CONVERSION = YES;
				CLANG_WARN_COMMA = YES;
				CLANG_WARN_CONSTANT_CONVERSION = YES;
				CLANG_WARN_DEPRECATED_OBJC_IMPLEMENTATIONS = YES;
				CLANG_WARN_DIRECT_OBJC_ISA_USAGE = YES_ERROR;
				CLANG_WARN_DOCUMENTATION_COMMENTS = YES;
				CLANG_WARN_EMPTY_BODY = YES;
				CLANG_WARN_ENUM_CONVERSION = YES;
				CLANG_WARN_INFINITE_RECURSION = YES;
				CLANG_WARN_INT_CONVERSION = YES;
				CLANG_WARN_NON_LITERAL_NULL_CONVERSION = YES;
				CLANG_WARN_OBJC_IMPLICIT_RETAIN_SELF = YES;
				CLANG_WARN_OBJC_LITERAL_CONVERSION = YES;
				CLANG_WARN_OBJC_ROOT_CLASS = YES_ERROR;
				CLANG_WARN_RANGE_LOOP_ANALYSIS = YES;
				CLANG_WARN_STRICT_PROTOTYPES = YES;
				CLANG_WARN_SUSPICIOUS_MOVE = YES;
				CLANG_WARN_UNGUARDED_AVAILABILITY = YES_AGGRESSIVE;
				CLANG_WARN_UNREACHABLE_CODE = YES;
				CLANG_WARN__DUPLICATE_METHOD_MATCH = YES;
				COPY_PHASE_STRIP = NO;
				DEBUG_INFORMATION_FORMAT = "dwarf-with-dsym";
				ENABLE_NS_ASSERTIONS = NO;
				ENABLE_STRICT_OBJC_MSGSEND = YES;
				GCC_C_LANGUAGE_STANDARD = gnu11;
				GCC_NO_COMMON_BLOCKS = YES;
				GCC_WARN_64_TO_32_BIT_CONVERSION = YES;
				GCC_WARN_ABOUT_RETURN_TYPE = YES_ERROR;
				GCC_WARN_UNDECLARED_SELECTOR = YES;
				GCC_WARN_UNINITIALIZED_AUTOS = YES_AGGRESSIVE;
				GCC_WARN_UNUSED_FUNCTION = YES;
				GCC_WARN_UNUSED_VARIABLE = YES;
				IPHONEOS_DEPLOYMENT_TARGET = 13.2;
				MTL_ENABLE_DEBUG_INFO = NO;
				MTL_FAST_MATH = YES;
				SDKROOT = iphoneos;
				SWIFT_COMPILATION_MODE = wholemodule;
				SWIFT_OPTIMIZATION_LEVEL = "-O";
				VALIDATE_PRODUCT = YES;
			};
			name = Release;
		};
		CB6DC59B242EADCE004ED206 /* Debug */ = {
			isa = XCBuildConfiguration;
			baseConfigurationReference = 614BF1CCB3994B5A4A7999F5 /* Pods-AzureOverall.debug.xcconfig */;
			buildSettings = {
				ASSETCATALOG_COMPILER_APPICON_NAME = AppIcon;
				CODE_SIGN_STYLE = Automatic;
				DEVELOPMENT_TEAM = 26RHXP32FH;
				INFOPLIST_FILE = AzureOverall/Info.plist;
				LD_RUNPATH_SEARCH_PATHS = (
					"$(inherited)",
					"@executable_path/Frameworks",
				);
				PRODUCT_BUNDLE_IDENTIFIER = Adam.AzureOverall;
				PRODUCT_NAME = "$(TARGET_NAME)";
				SWIFT_VERSION = 5.0;
				TARGETED_DEVICE_FAMILY = "1,2";
			};
			name = Debug;
		};
		CB6DC59C242EADCE004ED206 /* Release */ = {
			isa = XCBuildConfiguration;
			baseConfigurationReference = 01DC0C55689F60F6428B5770 /* Pods-AzureOverall.release.xcconfig */;
			buildSettings = {
				ASSETCATALOG_COMPILER_APPICON_NAME = AppIcon;
				CODE_SIGN_STYLE = Automatic;
				DEVELOPMENT_TEAM = 26RHXP32FH;
				INFOPLIST_FILE = AzureOverall/Info.plist;
				LD_RUNPATH_SEARCH_PATHS = (
					"$(inherited)",
					"@executable_path/Frameworks",
				);
				PRODUCT_BUNDLE_IDENTIFIER = Adam.AzureOverall;
				PRODUCT_NAME = "$(TARGET_NAME)";
				SWIFT_VERSION = 5.0;
				TARGETED_DEVICE_FAMILY = "1,2";
			};
			name = Release;
		};
		CB6DC59E242EADCE004ED206 /* Debug */ = {
			isa = XCBuildConfiguration;
			baseConfigurationReference = A715B3745516011F9AAAFE71 /* Pods-AzureOverallTests.debug.xcconfig */;
			buildSettings = {
				ALWAYS_EMBED_SWIFT_STANDARD_LIBRARIES = YES;
				BUNDLE_LOADER = "$(TEST_HOST)";
				CODE_SIGN_STYLE = Automatic;
				INFOPLIST_FILE = AzureOverallTests/Info.plist;
				IPHONEOS_DEPLOYMENT_TARGET = 13.2;
				LD_RUNPATH_SEARCH_PATHS = (
					"$(inherited)",
					"@executable_path/Frameworks",
					"@loader_path/Frameworks",
				);
				PRODUCT_BUNDLE_IDENTIFIER = Adam.AzureOverallTests;
				PRODUCT_NAME = "$(TARGET_NAME)";
				SWIFT_VERSION = 5.0;
				TARGETED_DEVICE_FAMILY = "1,2";
				TEST_HOST = "$(BUILT_PRODUCTS_DIR)/AzureOverall.app/AzureOverall";
			};
			name = Debug;
		};
		CB6DC59F242EADCE004ED206 /* Release */ = {
			isa = XCBuildConfiguration;
			baseConfigurationReference = 3D6E9ED3945A7DCD08D3C723 /* Pods-AzureOverallTests.release.xcconfig */;
			buildSettings = {
				ALWAYS_EMBED_SWIFT_STANDARD_LIBRARIES = YES;
				BUNDLE_LOADER = "$(TEST_HOST)";
				CODE_SIGN_STYLE = Automatic;
				INFOPLIST_FILE = AzureOverallTests/Info.plist;
				IPHONEOS_DEPLOYMENT_TARGET = 13.2;
				LD_RUNPATH_SEARCH_PATHS = (
					"$(inherited)",
					"@executable_path/Frameworks",
					"@loader_path/Frameworks",
				);
				PRODUCT_BUNDLE_IDENTIFIER = Adam.AzureOverallTests;
				PRODUCT_NAME = "$(TARGET_NAME)";
				SWIFT_VERSION = 5.0;
				TARGETED_DEVICE_FAMILY = "1,2";
				TEST_HOST = "$(BUILT_PRODUCTS_DIR)/AzureOverall.app/AzureOverall";
			};
			name = Release;
		};
		CB6DC5A1242EADCE004ED206 /* Debug */ = {
			isa = XCBuildConfiguration;
			baseConfigurationReference = E3B1DEFCA2A4464235B55EDF /* Pods-AzureOverall-AzureOverallUITests.debug.xcconfig */;
			buildSettings = {
				ALWAYS_EMBED_SWIFT_STANDARD_LIBRARIES = YES;
				CODE_SIGN_STYLE = Automatic;
				INFOPLIST_FILE = AzureOverallUITests/Info.plist;
				LD_RUNPATH_SEARCH_PATHS = (
					"$(inherited)",
					"@executable_path/Frameworks",
					"@loader_path/Frameworks",
				);
				PRODUCT_BUNDLE_IDENTIFIER = Adam.AzureOverallUITests;
				PRODUCT_NAME = "$(TARGET_NAME)";
				SWIFT_VERSION = 5.0;
				TARGETED_DEVICE_FAMILY = "1,2";
				TEST_TARGET_NAME = AzureOverall;
			};
			name = Debug;
		};
		CB6DC5A2242EADCE004ED206 /* Release */ = {
			isa = XCBuildConfiguration;
			baseConfigurationReference = 1EEB37D3BF0E4E2672C78965 /* Pods-AzureOverall-AzureOverallUITests.release.xcconfig */;
			buildSettings = {
				ALWAYS_EMBED_SWIFT_STANDARD_LIBRARIES = YES;
				CODE_SIGN_STYLE = Automatic;
				INFOPLIST_FILE = AzureOverallUITests/Info.plist;
				LD_RUNPATH_SEARCH_PATHS = (
					"$(inherited)",
					"@executable_path/Frameworks",
					"@loader_path/Frameworks",
				);
				PRODUCT_BUNDLE_IDENTIFIER = Adam.AzureOverallUITests;
				PRODUCT_NAME = "$(TARGET_NAME)";
				SWIFT_VERSION = 5.0;
				TARGETED_DEVICE_FAMILY = "1,2";
				TEST_TARGET_NAME = AzureOverall;
			};
			name = Release;
		};
/* End XCBuildConfiguration section */

/* Begin XCConfigurationList section */
		CB6DC568242EADCB004ED206 /* Build configuration list for PBXProject "AzureOverall" */ = {
			isa = XCConfigurationList;
			buildConfigurations = (
				CB6DC598242EADCE004ED206 /* Debug */,
				CB6DC599242EADCE004ED206 /* Release */,
			);
			defaultConfigurationIsVisible = 0;
			defaultConfigurationName = Release;
		};
		CB6DC59A242EADCE004ED206 /* Build configuration list for PBXNativeTarget "AzureOverall" */ = {
			isa = XCConfigurationList;
			buildConfigurations = (
				CB6DC59B242EADCE004ED206 /* Debug */,
				CB6DC59C242EADCE004ED206 /* Release */,
			);
			defaultConfigurationIsVisible = 0;
			defaultConfigurationName = Release;
		};
		CB6DC59D242EADCE004ED206 /* Build configuration list for PBXNativeTarget "AzureOverallTests" */ = {
			isa = XCConfigurationList;
			buildConfigurations = (
				CB6DC59E242EADCE004ED206 /* Debug */,
				CB6DC59F242EADCE004ED206 /* Release */,
			);
			defaultConfigurationIsVisible = 0;
			defaultConfigurationName = Release;
		};
		CB6DC5A0242EADCE004ED206 /* Build configuration list for PBXNativeTarget "AzureOverallUITests" */ = {
			isa = XCConfigurationList;
			buildConfigurations = (
				CB6DC5A1242EADCE004ED206 /* Debug */,
				CB6DC5A2242EADCE004ED206 /* Release */,
			);
			defaultConfigurationIsVisible = 0;
			defaultConfigurationName = Release;
		};
/* End XCConfigurationList section */

/* Begin XCVersionGroup section */
		CB6DC579242EADCB004ED206 /* AzureOverall.xcdatamodeld */ = {
			isa = XCVersionGroup;
			children = (
				CB6DC57A242EADCB004ED206 /* AzureOverall.xcdatamodel */,
			);
			currentVersion = CB6DC57A242EADCB004ED206 /* AzureOverall.xcdatamodel */;
			path = AzureOverall.xcdatamodeld;
			sourceTree = "<group>";
			versionGroupType = wrapper.xcdatamodel;
		};
/* End XCVersionGroup section */
	};
	rootObject = CB6DC565242EADCB004ED206 /* Project object */;
}
